
Microsoft Visual Studio Solution File, Format Version 12.00
# Visual Studio Version 17
VisualStudioVersion = 17.4.33205.214
MinimumVisualStudioVersion = 10.0.40219.1
Project("{8BC9CEB8-8B4A-11D0-8D11-00A0C91BC942}") = "FactoryMethod", "FactoryMethod\FactoryMethod.vcxproj", "{CFDB744C-680A-41DF-B4EE-98E21932FC4B}"
EndProject
Project("{8BC9CEB8-8B4A-11D0-8D11-00A0C91BC942}") = "AbstractFactory", "AbstractFactory\AbstractFactory.vcxproj", "{01C59F0A-8D42-4B82-B7B5-4DEE11D95526}"
EndProject
Project("{8BC9CEB8-8B4A-11D0-8D11-00A0C91BC942}") = "Composite", "Composite\Composite.vcxproj", "{F35E03AF-C2A7-4E36-B00C-1A3D5A77BDD3}"
EndProject
Project("{8BC9CEB8-8B4A-11D0-8D11-00A0C91BC942}") = "Observer", "Observer\Observer.vcxproj", "{8AE3B268-2F9A-4A76-8D7F-E4A8EA84C34D}"
EndProject
Project("{8BC9CEB8-8B4A-11D0-8D11-00A0C91BC942}") = "Singleton", "Singleton\Singleton.vcxproj", "{6DD6728D-A62F-4F70-97B8-80DFA9CC21D3}"
EndProject
Project("{8BC9CEB8-8B4A-11D0-8D11-00A0C91BC942}") = "Decorator", "Decorator\Decorator.vcxproj", "{14E760FE-5575-4AD3-8ABA-C23FE24C63BB}"
EndProject
Project("{8BC9CEB8-8B4A-11D0-8D11-00A0C91BC942}") = "State", "State\State.vcxproj", "{3211639E-5433-44AA-897C-374DECAC9208}"
EndProject
Project("{8BC9CEB8-8B4A-11D0-8D11-00A0C91BC942}") = "TemplateMethod", "TemplateMethod\TemplateMethod.vcxproj", "{75D18703-56E9-414B-87AB-7EB2BA42F2A7}"
EndProject
Project("{8BC9CEB8-8B4A-11D0-8D11-00A0C91BC942}") = "Strategy", "Strategy\Strategy.vcxproj", "{C265DE33-7C9E-4147-AB04-E2BCA0A39A9F}"
EndProject
Project("{8BC9CEB8-8B4A-11D0-8D11-00A0C91BC942}") = "Chain of Responsibility", "Chain of Responsibility\Chain of Responsibility.vcxproj", "{4DADA66A-3231-4C47-B852-B07C91E9E5A2}"
EndProject
Project("{8BC9CEB8-8B4A-11D0-8D11-00A0C91BC942}") = "Memento", "Memento\Memento.vcxproj", "{A2F0D3F7-733A-4E73-98B8-10A6F269EEB2}"
EndProject
Project("{8BC9CEB8-8B4A-11D0-8D11-00A0C91BC942}") = "Proxy", "Proxy\Proxy.vcxproj", "{F80C763B-BBC6-4622-93EF-5599F3B44271}"
EndProject
Project("{8BC9CEB8-8B4A-11D0-8D11-00A0C91BC942}") = "Facade", "Facade\Facade.vcxproj", "{9EE5A85D-5548-42E5-A589-21DF462048F0}"
EndProject
Project("{8BC9CEB8-8B4A-11D0-8D11-00A0C91BC942}") = "Visitor", "Visitor\Visitor.vcxproj", "{01C584ED-1F09-4478-87D1-3BFA08937F11}"
EndProject
Project("{8BC9CEB8-8B4A-11D0-8D11-00A0C91BC942}") = "Prototype", "Prototype\Prototype.vcxproj", "{190AA04E-66E9-4309-9772-0353BD4B20EE}"
EndProject
Project("{8BC9CEB8-8B4A-11D0-8D11-00A0C91BC942}") = "Mediator", "Mediator\Mediator.vcxproj", "{13B4B8CD-B802-4959-AE69-4B7394C2079F}"
EndProject
Project("{8BC9CEB8-8B4A-11D0-8D11-00A0C91BC942}") = "Builder", "Builder\Builder.vcxproj", "{126F3610-5589-4A69-9486-99AB7F9E1DEF}"
EndProject
Global
	GlobalSection(SolutionConfigurationPlatforms) = preSolution
		Debug|x64 = Debug|x64
		Debug|x86 = Debug|x86
		Release|x64 = Release|x64
		Release|x86 = Release|x86
	EndGlobalSection
	GlobalSection(ProjectConfigurationPlatforms) = postSolution
		{CFDB744C-680A-41DF-B4EE-98E21932FC4B}.Debug|x64.ActiveCfg = Debug|x64
		{CFDB744C-680A-41DF-B4EE-98E21932FC4B}.Debug|x64.Build.0 = Debug|x64
		{CFDB744C-680A-41DF-B4EE-98E21932FC4B}.Debug|x86.ActiveCfg = Debug|Win32
		{CFDB744C-680A-41DF-B4EE-98E21932FC4B}.Debug|x86.Build.0 = Debug|Win32
		{CFDB744C-680A-41DF-B4EE-98E21932FC4B}.Release|x64.ActiveCfg = Release|x64
		{CFDB744C-680A-41DF-B4EE-98E21932FC4B}.Release|x64.Build.0 = Release|x64
		{CFDB744C-680A-41DF-B4EE-98E21932FC4B}.Release|x86.ActiveCfg = Release|Win32
		{CFDB744C-680A-41DF-B4EE-98E21932FC4B}.Release|x86.Build.0 = Release|Win32
		{01C59F0A-8D42-4B82-B7B5-4DEE11D95526}.Debug|x64.ActiveCfg = Debug|x64
		{01C59F0A-8D42-4B82-B7B5-4DEE11D95526}.Debug|x64.Build.0 = Debug|x64
		{01C59F0A-8D42-4B82-B7B5-4DEE11D95526}.Debug|x86.ActiveCfg = Debug|Win32
		{01C59F0A-8D42-4B82-B7B5-4DEE11D95526}.Debug|x86.Build.0 = Debug|Win32
		{01C59F0A-8D42-4B82-B7B5-4DEE11D95526}.Release|x64.ActiveCfg = Release|x64
		{01C59F0A-8D42-4B82-B7B5-4DEE11D95526}.Release|x64.Build.0 = Release|x64
		{01C59F0A-8D42-4B82-B7B5-4DEE11D95526}.Release|x86.ActiveCfg = Release|Win32
		{01C59F0A-8D42-4B82-B7B5-4DEE11D95526}.Release|x86.Build.0 = Release|Win32
		{F35E03AF-C2A7-4E36-B00C-1A3D5A77BDD3}.Debug|x64.ActiveCfg = Debug|x64
		{F35E03AF-C2A7-4E36-B00C-1A3D5A77BDD3}.Debug|x64.Build.0 = Debug|x64
		{F35E03AF-C2A7-4E36-B00C-1A3D5A77BDD3}.Debug|x86.ActiveCfg = Debug|Win32
		{F35E03AF-C2A7-4E36-B00C-1A3D5A77BDD3}.Debug|x86.Build.0 = Debug|Win32
		{F35E03AF-C2A7-4E36-B00C-1A3D5A77BDD3}.Release|x64.ActiveCfg = Release|x64
		{F35E03AF-C2A7-4E36-B00C-1A3D5A77BDD3}.Release|x64.Build.0 = Release|x64
		{F35E03AF-C2A7-4E36-B00C-1A3D5A77BDD3}.Release|x86.ActiveCfg = Release|Win32
		{F35E03AF-C2A7-4E36-B00C-1A3D5A77BDD3}.Release|x86.Build.0 = Release|Win32
		{8AE3B268-2F9A-4A76-8D7F-E4A8EA84C34D}.Debug|x64.ActiveCfg = Debug|x64
		{8AE3B268-2F9A-4A76-8D7F-E4A8EA84C34D}.Debug|x64.Build.0 = Debug|x64
		{8AE3B268-2F9A-4A76-8D7F-E4A8EA84C34D}.Debug|x86.ActiveCfg = Debug|Win32
		{8AE3B268-2F9A-4A76-8D7F-E4A8EA84C34D}.Debug|x86.Build.0 = Debug|Win32
		{8AE3B268-2F9A-4A76-8D7F-E4A8EA84C34D}.Release|x64.ActiveCfg = Release|x64
		{8AE3B268-2F9A-4A76-8D7F-E4A8EA84C34D}.Release|x64.Build.0 = Release|x64
		{8AE3B268-2F9A-4A76-8D7F-E4A8EA84C34D}.Release|x86.ActiveCfg = Release|Win32
		{8AE3B268-2F9A-4A76-8D7F-E4A8EA84C34D}.Release|x86.Build.0 = Release|Win32
		{6DD6728D-A62F-4F70-97B8-80DFA9CC21D3}.Debug|x64.ActiveCfg = Debug|x64
		{6DD6728D-A62F-4F70-97B8-80DFA9CC21D3}.Debug|x64.Build.0 = Debug|x64
		{6DD6728D-A62F-4F70-97B8-80DFA9CC21D3}.Debug|x86.ActiveCfg = Debug|Win32
		{6DD6728D-A62F-4F70-97B8-80DFA9CC21D3}.Debug|x86.Build.0 = Debug|Win32
		{6DD6728D-A62F-4F70-97B8-80DFA9CC21D3}.Release|x64.ActiveCfg = Release|x64
		{6DD6728D-A62F-4F70-97B8-80DFA9CC21D3}.Release|x64.Build.0 = Release|x64
		{6DD6728D-A62F-4F70-97B8-80DFA9CC21D3}.Release|x86.ActiveCfg = Release|Win32
		{6DD6728D-A62F-4F70-97B8-80DFA9CC21D3}.Release|x86.Build.0 = Release|Win32
		{14E760FE-5575-4AD3-8ABA-C23FE24C63BB}.Debug|x64.ActiveCfg = Debug|x64
		{14E760FE-5575-4AD3-8ABA-C23FE24C63BB}.Debug|x64.Build.0 = Debug|x64
		{14E760FE-5575-4AD3-8ABA-C23FE24C63BB}.Debug|x86.ActiveCfg = Debug|Win32
		{14E760FE-5575-4AD3-8ABA-C23FE24C63BB}.Debug|x86.Build.0 = Debug|Win32
		{14E760FE-5575-4AD3-8ABA-C23FE24C63BB}.Release|x64.ActiveCfg = Release|x64
		{14E760FE-5575-4AD3-8ABA-C23FE24C63BB}.Release|x64.Build.0 = Release|x64
		{14E760FE-5575-4AD3-8ABA-C23FE24C63BB}.Release|x86.ActiveCfg = Release|Win32
		{14E760FE-5575-4AD3-8ABA-C23FE24C63BB}.Release|x86.Build.0 = Release|Win32
		{3211639E-5433-44AA-897C-374DECAC9208}.Debug|x64.ActiveCfg = Debug|x64
		{3211639E-5433-44AA-897C-374DECAC9208}.Debug|x64.Build.0 = Debug|x64
		{3211639E-5433-44AA-897C-374DECAC9208}.Debug|x86.ActiveCfg = Debug|Win32
		{3211639E-5433-44AA-897C-374DECAC9208}.Debug|x86.Build.0 = Debug|Win32
		{3211639E-5433-44AA-897C-374DECAC9208}.Release|x64.ActiveCfg = Release|x64
		{3211639E-5433-44AA-897C-374DECAC9208}.Release|x64.Build.0 = Release|x64
		{3211639E-5433-44AA-897C-374DECAC9208}.Release|x86.ActiveCfg = Release|Win32
		{3211639E-5433-44AA-897C-374DECAC9208}.Release|x86.Build.0 = Release|Win32
		{75D18703-56E9-414B-87AB-7EB2BA42F2A7}.Debug|x64.ActiveCfg = Debug|x64
		{75D18703-56E9-414B-87AB-7EB2BA42F2A7}.Debug|x64.Build.0 = Debug|x64
		{75D18703-56E9-414B-87AB-7EB2BA42F2A7}.Debug|x86.ActiveCfg = Debug|Win32
		{75D18703-56E9-414B-87AB-7EB2BA42F2A7}.Debug|x86.Build.0 = Debug|Win32
		{75D18703-56E9-414B-87AB-7EB2BA42F2A7}.Release|x64.ActiveCfg = Release|x64
		{75D18703-56E9-414B-87AB-7EB2BA42F2A7}.Release|x64.Build.0 = Release|x64
		{75D18703-56E9-414B-87AB-7EB2BA42F2A7}.Release|x86.ActiveCfg = Release|Win32
		{75D18703-56E9-414B-87AB-7EB2BA42F2A7}.Release|x86.Build.0 = Release|Win32
		{C265DE33-7C9E-4147-AB04-E2BCA0A39A9F}.Debug|x64.ActiveCfg = Debug|x64
		{C265DE33-7C9E-4147-AB04-E2BCA0A39A9F}.Debug|x64.Build.0 = Debug|x64
		{C265DE33-7C9E-4147-AB04-E2BCA0A39A9F}.Debug|x86.ActiveCfg = Debug|Win32
		{C265DE33-7C9E-4147-AB04-E2BCA0A39A9F}.Debug|x86.Build.0 = Debug|Win32
		{C265DE33-7C9E-4147-AB04-E2BCA0A39A9F}.Release|x64.ActiveCfg = Release|x64
		{C265DE33-7C9E-4147-AB04-E2BCA0A39A9F}.Release|x64.Build.0 = Release|x64
		{C265DE33-7C9E-4147-AB04-E2BCA0A39A9F}.Release|x86.ActiveCfg = Release|Win32
		{C265DE33-7C9E-4147-AB04-E2BCA0A39A9F}.Release|x86.Build.0 = Release|Win32
		{4DADA66A-3231-4C47-B852-B07C91E9E5A2}.Debug|x64.ActiveCfg = Debug|x64
		{4DADA66A-3231-4C47-B852-B07C91E9E5A2}.Debug|x64.Build.0 = Debug|x64
		{4DADA66A-3231-4C47-B852-B07C91E9E5A2}.Debug|x86.ActiveCfg = Debug|Win32
		{4DADA66A-3231-4C47-B852-B07C91E9E5A2}.Debug|x86.Build.0 = Debug|Win32
		{4DADA66A-3231-4C47-B852-B07C91E9E5A2}.Release|x64.ActiveCfg = Release|x64
		{4DADA66A-3231-4C47-B852-B07C91E9E5A2}.Release|x64.Build.0 = Release|x64
		{4DADA66A-3231-4C47-B852-B07C91E9E5A2}.Release|x86.ActiveCfg = Release|Win32
		{4DADA66A-3231-4C47-B852-B07C91E9E5A2}.Release|x86.Build.0 = Release|Win32
		{A2F0D3F7-733A-4E73-98B8-10A6F269EEB2}.Debug|x64.ActiveCfg = Debug|x64
		{A2F0D3F7-733A-4E73-98B8-10A6F269EEB2}.Debug|x64.Build.0 = Debug|x64
		{A2F0D3F7-733A-4E73-98B8-10A6F269EEB2}.Debug|x86.ActiveCfg = Debug|Win32
		{A2F0D3F7-733A-4E73-98B8-10A6F269EEB2}.Debug|x86.Build.0 = Debug|Win32
		{A2F0D3F7-733A-4E73-98B8-10A6F269EEB2}.Release|x64.ActiveCfg = Release|x64
		{A2F0D3F7-733A-4E73-98B8-10A6F269EEB2}.Release|x64.Build.0 = Release|x64
		{A2F0D3F7-733A-4E73-98B8-10A6F269EEB2}.Release|x86.ActiveCfg = Release|Win32
		{A2F0D3F7-733A-4E73-98B8-10A6F269EEB2}.Release|x86.Build.0 = Release|Win32
		{F80C763B-BBC6-4622-93EF-5599F3B44271}.Debug|x64.ActiveCfg = Debug|x64
		{F80C763B-BBC6-4622-93EF-5599F3B44271}.Debug|x64.Build.0 = Debug|x64
		{F80C763B-BBC6-4622-93EF-5599F3B44271}.Debug|x86.ActiveCfg = Debug|Win32
		{F80C763B-BBC6-4622-93EF-5599F3B44271}.Debug|x86.Build.0 = Debug|Win32
		{F80C763B-BBC6-4622-93EF-5599F3B44271}.Release|x64.ActiveCfg = Release|x64
		{F80C763B-BBC6-4622-93EF-5599F3B44271}.Release|x64.Build.0 = Release|x64
		{F80C763B-BBC6-4622-93EF-5599F3B44271}.Release|x86.ActiveCfg = Release|Win32
		{F80C763B-BBC6-4622-93EF-5599F3B44271}.Release|x86.Build.0 = Release|Win32
		{9EE5A85D-5548-42E5-A589-21DF462048F0}.Debug|x64.ActiveCfg = Debug|x64
		{9EE5A85D-5548-42E5-A589-21DF462048F0}.Debug|x64.Build.0 = Debug|x64
		{9EE5A85D-5548-42E5-A589-21DF462048F0}.Debug|x86.ActiveCfg = Debug|Win32
		{9EE5A85D-5548-42E5-A589-21DF462048F0}.Debug|x86.Build.0 = Debug|Win32
		{9EE5A85D-5548-42E5-A589-21DF462048F0}.Release|x64.ActiveCfg = Release|x64
		{9EE5A85D-5548-42E5-A589-21DF462048F0}.Release|x64.Build.0 = Release|x64
		{9EE5A85D-5548-42E5-A589-21DF462048F0}.Release|x86.ActiveCfg = Release|Win32
		{9EE5A85D-5548-42E5-A589-21DF462048F0}.Release|x86.Build.0 = Release|Win32
		{01C584ED-1F09-4478-87D1-3BFA08937F11}.Debug|x64.ActiveCfg = Debug|x64
		{01C584ED-1F09-4478-87D1-3BFA08937F11}.Debug|x64.Build.0 = Debug|x64
		{01C584ED-1F09-4478-87D1-3BFA08937F11}.Debug|x86.ActiveCfg = Debug|Win32
		{01C584ED-1F09-4478-87D1-3BFA08937F11}.Debug|x86.Build.0 = Debug|Win32
		{01C584ED-1F09-4478-87D1-3BFA08937F11}.Release|x64.ActiveCfg = Release|x64
		{01C584ED-1F09-4478-87D1-3BFA08937F11}.Release|x64.Build.0 = Release|x64
		{01C584ED-1F09-4478-87D1-3BFA08937F11}.Release|x86.ActiveCfg = Release|Win32
		{01C584ED-1F09-4478-87D1-3BFA08937F11}.Release|x86.Build.0 = Release|Win32
		{190AA04E-66E9-4309-9772-0353BD4B20EE}.Debug|x64.ActiveCfg = Debug|x64
		{190AA04E-66E9-4309-9772-0353BD4B20EE}.Debug|x64.Build.0 = Debug|x64
		{190AA04E-66E9-4309-9772-0353BD4B20EE}.Debug|x86.ActiveCfg = Debug|Win32
		{190AA04E-66E9-4309-9772-0353BD4B20EE}.Debug|x86.Build.0 = Debug|Win32
		{190AA04E-66E9-4309-9772-0353BD4B20EE}.Release|x64.ActiveCfg = Release|x64
		{190AA04E-66E9-4309-9772-0353BD4B20EE}.Release|x64.Build.0 = Release|x64
		{190AA04E-66E9-4309-9772-0353BD4B20EE}.Release|x86.ActiveCfg = Release|Win32
		{190AA04E-66E9-4309-9772-0353BD4B20EE}.Release|x86.Build.0 = Release|Win32
		{13B4B8CD-B802-4959-AE69-4B7394C2079F}.Debug|x64.ActiveCfg = Debug|x64
		{13B4B8CD-B802-4959-AE69-4B7394C2079F}.Debug|x64.Build.0 = Debug|x64
		{13B4B8CD-B802-4959-AE69-4B7394C2079F}.Debug|x86.ActiveCfg = Debug|Win32
		{13B4B8CD-B802-4959-AE69-4B7394C2079F}.Debug|x86.Build.0 = Debug|Win32
		{13B4B8CD-B802-4959-AE69-4B7394C2079F}.Release|x64.ActiveCfg = Release|x64
		{13B4B8CD-B802-4959-AE69-4B7394C2079F}.Release|x64.Build.0 = Release|x64
		{13B4B8CD-B802-4959-AE69-4B7394C2079F}.Release|x86.ActiveCfg = Release|Win32
		{13B4B8CD-B802-4959-AE69-4B7394C2079F}.Release|x86.Build.0 = Release|Win32
		{126F3610-5589-4A69-9486-99AB7F9E1DEF}.Debug|x64.ActiveCfg = Debug|x64
		{126F3610-5589-4A69-9486-99AB7F9E1DEF}.Debug|x64.Build.0 = Debug|x64
		{126F3610-5589-4A69-9486-99AB7F9E1DEF}.Debug|x86.ActiveCfg = Debug|Win32
		{126F3610-5589-4A69-9486-99AB7F9E1DEF}.Debug|x86.Build.0 = Debug|Win32
		{126F3610-5589-4A69-9486-99AB7F9E1DEF}.Release|x64.ActiveCfg = Release|x64
		{126F3610-5589-4A69-9486-99AB7F9E1DEF}.Release|x64.Build.0 = Release|x64
		{126F3610-5589-4A69-9486-99AB7F9E1DEF}.Release|x86.ActiveCfg = Release|Win32
		{126F3610-5589-4A69-9486-99AB7F9E1DEF}.Release|x86.Build.0 = Release|Win32
	EndGlobalSection
	GlobalSection(SolutionProperties) = preSolution
		HideSolutionNode = FALSE
	EndGlobalSection
	GlobalSection(ExtensibilityGlobals) = postSolution
		SolutionGuid = {CC42EE19-ADD7-4E3D-8536-6F4F3D723944}
	EndGlobalSection
EndGlobal
